{
  "nodes": {
    "blueprint": {
      "inputs": {
        "nixpkgs": [
          "nix-ai-tools",
          "nixpkgs"
        ],
        "systems": "systems"
      },
      "locked": {
        "lastModified": 1758687491,
        "narHash": "sha256-sy8Q+MfBe+MZzYj4MJwBDe4lkLnmhy1POO86hWZgqO8=",
        "owner": "numtide",
        "repo": "blueprint",
        "rev": "7ecaeb70f63d14a397c73b38f57177894bb795c8",
        "type": "github"
      },
      "original": {
        "owner": "numtide",
        "repo": "blueprint",
        "type": "github"
      }
    },
    "catppuccin": {
      "inputs": {
        "nixpkgs": "nixpkgs"
      },
      "locked": {
        "lastModified": 1760084311,
        "narHash": "sha256-YpNNtvA8v28Gd3/PHXCABuBWOzR0K8CyQPga13LxBH0=",
        "owner": "catppuccin",
        "repo": "nix",
        "rev": "fa3a9d5f80ebfe7f4974bc1939f558690cc56359",
        "type": "github"
      },
      "original": {
        "owner": "catppuccin",
        "repo": "nix",
        "type": "github"
      }
    },
    "catppuccin-wallpapers": {
      "flake": false,
      "locked": {
        "lastModified": 1753332651,
        "narHash": "sha256-1QR3J+wgLVNjucPSVELv0FicNt+jM2KPLU5ubBfxjHI=",
        "owner": "orangci",
        "repo": "walls-catppuccin-mocha",
        "rev": "40912e6418737e93b59a38bcf189270cbf26656d",
        "type": "github"
      },
      "original": {
        "owner": "orangci",
        "repo": "walls-catppuccin-mocha",
        "type": "github"
      }
    },
    "doom-config": {
      "flake": false,
      "locked": {
        "lastModified": 1758222399,
        "narHash": "sha256-eblfKATjSngp5p/82ngGE28UvLs6rcZrKbPpa4Bdj3o=",
        "owner": "abhigya-maskay",
        "repo": "doom_config",
        "rev": "8dd41aa17de7afbb27260df2ae61b6b3af11f3c8",
        "type": "github"
      },
      "original": {
        "owner": "abhigya-maskay",
        "repo": "doom_config",
        "type": "github"
      }
    },
    "doomemacs": {
      "flake": false,
      "locked": {
        "lastModified": 1759749205,
        "narHash": "sha256-kBtdRCrVGXR7ikW+n5vWauNDaguJIqMbi/5KZNayjuI=",
        "owner": "doomemacs",
        "repo": "doomemacs",
        "rev": "ef9e8d892556595fcdfd723d145c29593a67c50d",
        "type": "github"
      },
      "original": {
        "owner": "doomemacs",
        "repo": "doomemacs",
        "type": "github"
      }
    },
    "home-manager": {
      "inputs": {
        "nixpkgs": [
          "nixpkgs"
        ]
      },
      "locked": {
        "lastModified": 1760130406,
        "narHash": "sha256-GKMwBaFRw/C1p1VtjDz4DyhyzjKUWyi1K50bh8lgA2E=",
        "owner": "nix-community",
        "repo": "home-manager",
        "rev": "d305eece827a3fe317a2d70138f53feccaf890a1",
        "type": "github"
      },
      "original": {
        "owner": "nix-community",
        "repo": "home-manager",
        "type": "github"
      }
    },
    "nix-ai-tools": {
      "inputs": {
        "blueprint": "blueprint",
        "nixpkgs": "nixpkgs_2",
        "treefmt-nix": "treefmt-nix"
      },
      "locked": {
        "lastModified": 1760149931,
        "narHash": "sha256-F5BLKRR2eOWCJYhr8E7yx52BazoQEEK4wXpNStCT/aw=",
        "owner": "numtide",
        "repo": "nix-ai-tools",
        "rev": "650a2165c84e7b99c3c95fba6db095d136dd8d97",
        "type": "github"
      },
      "original": {
        "owner": "numtide",
        "repo": "nix-ai-tools",
        "type": "github"
      }
    },
    "nixpkgs": {
      "locked": {
        "lastModified": 1759831965,
        "narHash": "sha256-vgPm2xjOmKdZ0xKA6yLXPJpjOtQPHfaZDRtH+47XEBo=",
        "owner": "NixOS",
        "repo": "nixpkgs",
        "rev": "c9b6fb798541223bbb396d287d16f43520250518",
        "type": "github"
      },
      "original": {
        "owner": "NixOS",
        "ref": "nixos-unstable",
        "repo": "nixpkgs",
        "type": "github"
      }
    },
    "nixpkgs_2": {
      "locked": {
        "lastModified": 1760038930,
        "narHash": "sha256-Oncbh0UmHjSlxO7ErQDM3KM0A5/Znfofj2BSzlHLeVw=",
        "owner": "NixOS",
        "repo": "nixpkgs",
        "rev": "0b4defa2584313f3b781240b29d61f6f9f7e0df3",
        "type": "github"
      },
      "original": {
        "owner": "NixOS",
        "ref": "nixos-unstable",
        "repo": "nixpkgs",
        "type": "github"
      }
    },
    "nixpkgs_3": {
      "locked": {
        "lastModified": 1760038930,
        "narHash": "sha256-Oncbh0UmHjSlxO7ErQDM3KM0A5/Znfofj2BSzlHLeVw=",
        "owner": "NixOs",
        "repo": "nixpkgs",
        "rev": "0b4defa2584313f3b781240b29d61f6f9f7e0df3",
        "type": "github"
      },
      "original": {
        "owner": "NixOs",
        "ref": "nixos-unstable",
        "repo": "nixpkgs",
        "type": "github"
      }
    },
    "root": {
      "inputs": {
        "catppuccin": "catppuccin",
        "catppuccin-wallpapers": "catppuccin-wallpapers",
        "doom-config": "doom-config",
        "doomemacs": "doomemacs",
        "home-manager": "home-manager",
        "nix-ai-tools": "nix-ai-tools",
        "nixpkgs": "nixpkgs_3"
      }
    },
    "systems": {
      "locked": {
        "lastModified": 1681028828,
        "narHash": "sha256-Vy1rq5AaRuLzOxct8nz4T6wlgyUR7zLU309k9mBC768=",
        "owner": "nix-systems",
        "repo": "default",
        "rev": "da67096a3b9bf56a91d16901293e51ba5b49a27e",
        "type": "github"
      },
      "original": {
        "owner": "nix-systems",
        "repo": "default",
        "type": "github"
      }
    },
    "treefmt-nix": {
      "inputs": {
        "nixpkgs": [
          "nix-ai-tools",
          "nixpkgs"
        ]
      },
      "locked": {
        "lastModified": 1760120816,
        "narHash": "sha256-gq9rdocpmRZCwLS5vsHozwB6b5nrOBDNc2kkEaTXHfg=",
        "owner": "numtide",
        "repo": "treefmt-nix",
        "rev": "761ae7aff00907b607125b2f57338b74177697ed",
        "type": "github"
      },
      "original": {
        "owner": "numtide",
        "repo": "treefmt-nix",
        "type": "github"
      }
    }
  },
  "root": "root",
  "version": 7
}
